
Microsoft Visual Studio Solution File, Format Version 12.00
# Visual Studio Version 17
VisualStudioVersion = 17.0.31903.59
MinimumVisualStudioVersion = 10.0.40219.1
Project("{FAE04EC0-301F-11D3-BF4B-00C04F79EFBC}") = "RightSize", "RightSize\RightSize.csproj", "{F57428D6-C0D1-4317-91CA-873687110395}"
EndProject
Project("{FAE04EC0-301F-11D3-BF4B-00C04F79EFBC}") = "ChangeString", "ChangeString\ChangeString.csproj", "{B070C7FE-4D77-48CA-BF63-9D385E114B47}"
EndProject
Project("{FAE04EC0-301F-11D3-BF4B-00C04F79EFBC}") = "ArrayMult", "ArrayMult\ArrayMult.csproj", "{5460137A-F18A-4369-8637-91BAA2728DE2}"
EndProject
Project("{FAE04EC0-301F-11D3-BF4B-00C04F79EFBC}") = "HeroPerks", "HeroPerks\HeroPerks.csproj", "{C76318E4-CCBC-4092-ADD1-F088BE8804F9}"
EndProject
Project("{FAE04EC0-301F-11D3-BF4B-00C04F79EFBC}") = "PowTwoUntil", "PowTwoUntil\PowTwoUntil.csproj", "{A25FE295-9531-4929-B225-EB3BC587CD60}"
EndProject
Project("{FAE04EC0-301F-11D3-BF4B-00C04F79EFBC}") = "RPS", "RPS\RPS.csproj", "{0A91D7FC-0886-4980-8F35-42409FC1175E}"
EndProject
Project("{FAE04EC0-301F-11D3-BF4B-00C04F79EFBC}") = "PlayerPowers", "PlayerPowers\PlayerPowers.csproj", "{187C8B36-F031-4F25-A5ED-530A5BC24D09}"
EndProject
Global
	GlobalSection(SolutionConfigurationPlatforms) = preSolution
		Debug|Any CPU = Debug|Any CPU
		Release|Any CPU = Release|Any CPU
	EndGlobalSection
	GlobalSection(SolutionProperties) = preSolution
		HideSolutionNode = FALSE
	EndGlobalSection
	GlobalSection(ProjectConfigurationPlatforms) = postSolution
		{F57428D6-C0D1-4317-91CA-873687110395}.Debug|Any CPU.ActiveCfg = Debug|Any CPU
		{F57428D6-C0D1-4317-91CA-873687110395}.Debug|Any CPU.Build.0 = Debug|Any CPU
		{F57428D6-C0D1-4317-91CA-873687110395}.Release|Any CPU.ActiveCfg = Release|Any CPU
		{F57428D6-C0D1-4317-91CA-873687110395}.Release|Any CPU.Build.0 = Release|Any CPU
		{B070C7FE-4D77-48CA-BF63-9D385E114B47}.Debug|Any CPU.ActiveCfg = Debug|Any CPU
		{B070C7FE-4D77-48CA-BF63-9D385E114B47}.Debug|Any CPU.Build.0 = Debug|Any CPU
		{B070C7FE-4D77-48CA-BF63-9D385E114B47}.Release|Any CPU.ActiveCfg = Release|Any CPU
		{B070C7FE-4D77-48CA-BF63-9D385E114B47}.Release|Any CPU.Build.0 = Release|Any CPU
		{5460137A-F18A-4369-8637-91BAA2728DE2}.Debug|Any CPU.ActiveCfg = Debug|Any CPU
		{5460137A-F18A-4369-8637-91BAA2728DE2}.Debug|Any CPU.Build.0 = Debug|Any CPU
		{5460137A-F18A-4369-8637-91BAA2728DE2}.Release|Any CPU.ActiveCfg = Release|Any CPU
		{5460137A-F18A-4369-8637-91BAA2728DE2}.Release|Any CPU.Build.0 = Release|Any CPU
		{C76318E4-CCBC-4092-ADD1-F088BE8804F9}.Debug|Any CPU.ActiveCfg = Debug|Any CPU
		{C76318E4-CCBC-4092-ADD1-F088BE8804F9}.Debug|Any CPU.Build.0 = Debug|Any CPU
		{C76318E4-CCBC-4092-ADD1-F088BE8804F9}.Release|Any CPU.ActiveCfg = Release|Any CPU
		{C76318E4-CCBC-4092-ADD1-F088BE8804F9}.Release|Any CPU.Build.0 = Release|Any CPU
		{A25FE295-9531-4929-B225-EB3BC587CD60}.Debug|Any CPU.ActiveCfg = Debug|Any CPU
		{A25FE295-9531-4929-B225-EB3BC587CD60}.Debug|Any CPU.Build.0 = Debug|Any CPU
		{A25FE295-9531-4929-B225-EB3BC587CD60}.Release|Any CPU.ActiveCfg = Release|Any CPU
		{A25FE295-9531-4929-B225-EB3BC587CD60}.Release|Any CPU.Build.0 = Release|Any CPU
		{0A91D7FC-0886-4980-8F35-42409FC1175E}.Debug|Any CPU.ActiveCfg = Debug|Any CPU
		{0A91D7FC-0886-4980-8F35-42409FC1175E}.Debug|Any CPU.Build.0 = Debug|Any CPU
		{0A91D7FC-0886-4980-8F35-42409FC1175E}.Release|Any CPU.ActiveCfg = Release|Any CPU
		{0A91D7FC-0886-4980-8F35-42409FC1175E}.Release|Any CPU.Build.0 = Release|Any CPU
		{187C8B36-F031-4F25-A5ED-530A5BC24D09}.Debug|Any CPU.ActiveCfg = Debug|Any CPU
		{187C8B36-F031-4F25-A5ED-530A5BC24D09}.Debug|Any CPU.Build.0 = Debug|Any CPU
		{187C8B36-F031-4F25-A5ED-530A5BC24D09}.Release|Any CPU.ActiveCfg = Release|Any CPU
		{187C8B36-F031-4F25-A5ED-530A5BC24D09}.Release|Any CPU.Build.0 = Release|Any CPU
	EndGlobalSection
EndGlobal
